
Microsoft Visual Studio Solution File, Format Version 12.00
# Visual Studio 14
VisualStudioVersion = 14.0.25123.0
MinimumVisualStudioVersion = 10.0.40219.1
Project("{FAE04EC0-301F-11D3-BF4B-00C04F79EFBC}") = "3DSpace", "3DSpace\3DSpace.csproj", "{C1562DAD-D034-44C3-BEF2-B42345C0026D}"
EndProject
Project("{FAE04EC0-301F-11D3-BF4B-00C04F79EFBC}") = "GenericClass", "GenericClass\GenericClass.csproj", "{70B12CF7-32F0-43CF-85D4-188D850F1966}"
EndProject
Project("{FAE04EC0-301F-11D3-BF4B-00C04F79EFBC}") = "Matrix", "Matrix\Matrix.csproj", "{D5F64888-B3AB-43B1-9EBA-362084E403A9}"
EndProject
Project("{FAE04EC0-301F-11D3-BF4B-00C04F79EFBC}") = "VersionAttribute", "VersionAttribute\VersionAttribute.csproj", "{9B22A7BC-ADB8-4631-8409-601CD4D899B0}"
EndProject
Global
	GlobalSection(SolutionConfigurationPlatforms) = preSolution
		Debug|Any CPU = Debug|Any CPU
		Release|Any CPU = Release|Any CPU
	EndGlobalSection
	GlobalSection(ProjectConfigurationPlatforms) = postSolution
		{C1562DAD-D034-44C3-BEF2-B42345C0026D}.Debug|Any CPU.ActiveCfg = Debug|Any CPU
		{C1562DAD-D034-44C3-BEF2-B42345C0026D}.Debug|Any CPU.Build.0 = Debug|Any CPU
		{C1562DAD-D034-44C3-BEF2-B42345C0026D}.Release|Any CPU.ActiveCfg = Release|Any CPU
		{C1562DAD-D034-44C3-BEF2-B42345C0026D}.Release|Any CPU.Build.0 = Release|Any CPU
		{70B12CF7-32F0-43CF-85D4-188D850F1966}.Debug|Any CPU.ActiveCfg = Debug|Any CPU
		{70B12CF7-32F0-43CF-85D4-188D850F1966}.Debug|Any CPU.Build.0 = Debug|Any CPU
		{70B12CF7-32F0-43CF-85D4-188D850F1966}.Release|Any CPU.ActiveCfg = Release|Any CPU
		{70B12CF7-32F0-43CF-85D4-188D850F1966}.Release|Any CPU.Build.0 = Release|Any CPU
		{D5F64888-B3AB-43B1-9EBA-362084E403A9}.Debug|Any CPU.ActiveCfg = Debug|Any CPU
		{D5F64888-B3AB-43B1-9EBA-362084E403A9}.Debug|Any CPU.Build.0 = Debug|Any CPU
		{D5F64888-B3AB-43B1-9EBA-362084E403A9}.Release|Any CPU.ActiveCfg = Release|Any CPU
		{D5F64888-B3AB-43B1-9EBA-362084E403A9}.Release|Any CPU.Build.0 = Release|Any CPU
		{9B22A7BC-ADB8-4631-8409-601CD4D899B0}.Debug|Any CPU.ActiveCfg = Debug|Any CPU
		{9B22A7BC-ADB8-4631-8409-601CD4D899B0}.Debug|Any CPU.Build.0 = Debug|Any CPU
		{9B22A7BC-ADB8-4631-8409-601CD4D899B0}.Release|Any CPU.ActiveCfg = Release|Any CPU
		{9B22A7BC-ADB8-4631-8409-601CD4D899B0}.Release|Any CPU.Build.0 = Release|Any CPU
	EndGlobalSection
	GlobalSection(SolutionProperties) = preSolution
		HideSolutionNode = FALSE
	EndGlobalSection
EndGlobal
