
Microsoft Visual Studio Solution File, Format Version 12.00
# Visual Studio 14
VisualStudioVersion = 14.0.25420.1
MinimumVisualStudioVersion = 10.0.40219.1
Project("{FAE04EC0-301F-11D3-BF4B-00C04F79EFBC}") = "QuotesInStrings", "QuotesInStrings\QuotesInStrings.csproj", "{E64C3B31-4C3F-4200-9443-FEEB3F3C6CD5}"
EndProject
Project("{FAE04EC0-301F-11D3-BF4B-00C04F79EFBC}") = "ComparingFloats", "ComparingFloats\ComparingFloats.csproj", "{278DEDDD-6A43-4CEA-8C34-0E988CCC3565}"
EndProject
Project("{FAE04EC0-301F-11D3-BF4B-00C04F79EFBC}") = "PrintASCII", "PrintASCII\PrintASCII.csproj", "{E869B735-BAEF-4A2F-987F-D56D3CCDD98D}"
EndProject
Global
	GlobalSection(SolutionConfigurationPlatforms) = preSolution
		Debug|Any CPU = Debug|Any CPU
		Release|Any CPU = Release|Any CPU
	EndGlobalSection
	GlobalSection(ProjectConfigurationPlatforms) = postSolution
		{E64C3B31-4C3F-4200-9443-FEEB3F3C6CD5}.Debug|Any CPU.ActiveCfg = Debug|Any CPU
		{E64C3B31-4C3F-4200-9443-FEEB3F3C6CD5}.Debug|Any CPU.Build.0 = Debug|Any CPU
		{E64C3B31-4C3F-4200-9443-FEEB3F3C6CD5}.Release|Any CPU.ActiveCfg = Release|Any CPU
		{E64C3B31-4C3F-4200-9443-FEEB3F3C6CD5}.Release|Any CPU.Build.0 = Release|Any CPU
		{278DEDDD-6A43-4CEA-8C34-0E988CCC3565}.Debug|Any CPU.ActiveCfg = Debug|Any CPU
		{278DEDDD-6A43-4CEA-8C34-0E988CCC3565}.Debug|Any CPU.Build.0 = Debug|Any CPU
		{278DEDDD-6A43-4CEA-8C34-0E988CCC3565}.Release|Any CPU.ActiveCfg = Release|Any CPU
		{278DEDDD-6A43-4CEA-8C34-0E988CCC3565}.Release|Any CPU.Build.0 = Release|Any CPU
		{E869B735-BAEF-4A2F-987F-D56D3CCDD98D}.Debug|Any CPU.ActiveCfg = Debug|Any CPU
		{E869B735-BAEF-4A2F-987F-D56D3CCDD98D}.Debug|Any CPU.Build.0 = Debug|Any CPU
		{E869B735-BAEF-4A2F-987F-D56D3CCDD98D}.Release|Any CPU.ActiveCfg = Release|Any CPU
		{E869B735-BAEF-4A2F-987F-D56D3CCDD98D}.Release|Any CPU.Build.0 = Release|Any CPU
	EndGlobalSection
	GlobalSection(SolutionProperties) = preSolution
		HideSolutionNode = FALSE
	EndGlobalSection
EndGlobal
