
Microsoft Visual Studio Solution File, Format Version 12.00
# Visual Studio 14
VisualStudioVersion = 14.0.25123.0
MinimumVisualStudioVersion = 10.0.40219.1
Project("{FAE04EC0-301F-11D3-BF4B-00C04F79EFBC}") = "01_Shapes", "01_Shapes\01_Shapes.csproj", "{079ADC08-38CD-46E9-A5FB-A8B7C43B224E}"
EndProject
Project("{FAE04EC0-301F-11D3-BF4B-00C04F79EFBC}") = "02_BankAccounts", "02_BankAccounts\02_BankAccounts.csproj", "{A3B8840D-C888-4660-BF39-1885275D4014}"
EndProject
Project("{FAE04EC0-301F-11D3-BF4B-00C04F79EFBC}") = "03_RangeException", "03_RangeException\03_RangeException.csproj", "{9F46BA4F-ED89-40E7-8780-9B8E4B300818}"
EndProject
Global
	GlobalSection(SolutionConfigurationPlatforms) = preSolution
		Debug|Any CPU = Debug|Any CPU
		Release|Any CPU = Release|Any CPU
	EndGlobalSection
	GlobalSection(ProjectConfigurationPlatforms) = postSolution
		{079ADC08-38CD-46E9-A5FB-A8B7C43B224E}.Debug|Any CPU.ActiveCfg = Debug|Any CPU
		{079ADC08-38CD-46E9-A5FB-A8B7C43B224E}.Debug|Any CPU.Build.0 = Debug|Any CPU
		{079ADC08-38CD-46E9-A5FB-A8B7C43B224E}.Release|Any CPU.ActiveCfg = Release|Any CPU
		{079ADC08-38CD-46E9-A5FB-A8B7C43B224E}.Release|Any CPU.Build.0 = Release|Any CPU
		{A3B8840D-C888-4660-BF39-1885275D4014}.Debug|Any CPU.ActiveCfg = Debug|Any CPU
		{A3B8840D-C888-4660-BF39-1885275D4014}.Debug|Any CPU.Build.0 = Debug|Any CPU
		{A3B8840D-C888-4660-BF39-1885275D4014}.Release|Any CPU.ActiveCfg = Release|Any CPU
		{A3B8840D-C888-4660-BF39-1885275D4014}.Release|Any CPU.Build.0 = Release|Any CPU
		{9F46BA4F-ED89-40E7-8780-9B8E4B300818}.Debug|Any CPU.ActiveCfg = Debug|Any CPU
		{9F46BA4F-ED89-40E7-8780-9B8E4B300818}.Debug|Any CPU.Build.0 = Debug|Any CPU
		{9F46BA4F-ED89-40E7-8780-9B8E4B300818}.Release|Any CPU.ActiveCfg = Release|Any CPU
		{9F46BA4F-ED89-40E7-8780-9B8E4B300818}.Release|Any CPU.Build.0 = Release|Any CPU
	EndGlobalSection
	GlobalSection(SolutionProperties) = preSolution
		HideSolutionNode = FALSE
	EndGlobalSection
EndGlobal
