
Microsoft Visual Studio Solution File, Format Version 12.00
# Visual Studio 14
VisualStudioVersion = 14.0.25123.0
MinimumVisualStudioVersion = 10.0.40219.1
Project("{FAE04EC0-301F-11D3-BF4B-00C04F79EFBC}") = "01_SquareRoot", "01_SquareRoot\01_SquareRoot.csproj", "{7264BCBF-D6F8-40A0-A2B0-1A17CDAF484C}"
EndProject
Project("{FAE04EC0-301F-11D3-BF4B-00C04F79EFBC}") = "02_EnterNumbers", "02_EnterNumbers\02_EnterNumbers.csproj", "{8BB26E65-F40A-43F9-96EA-C4954AD8389D}"
EndProject
Global
	GlobalSection(SolutionConfigurationPlatforms) = preSolution
		Debug|Any CPU = Debug|Any CPU
		Release|Any CPU = Release|Any CPU
	EndGlobalSection
	GlobalSection(ProjectConfigurationPlatforms) = postSolution
		{7264BCBF-D6F8-40A0-A2B0-1A17CDAF484C}.Debug|Any CPU.ActiveCfg = Debug|Any CPU
		{7264BCBF-D6F8-40A0-A2B0-1A17CDAF484C}.Debug|Any CPU.Build.0 = Debug|Any CPU
		{7264BCBF-D6F8-40A0-A2B0-1A17CDAF484C}.Release|Any CPU.ActiveCfg = Release|Any CPU
		{7264BCBF-D6F8-40A0-A2B0-1A17CDAF484C}.Release|Any CPU.Build.0 = Release|Any CPU
		{8BB26E65-F40A-43F9-96EA-C4954AD8389D}.Debug|Any CPU.ActiveCfg = Debug|Any CPU
		{8BB26E65-F40A-43F9-96EA-C4954AD8389D}.Debug|Any CPU.Build.0 = Debug|Any CPU
		{8BB26E65-F40A-43F9-96EA-C4954AD8389D}.Release|Any CPU.ActiveCfg = Release|Any CPU
		{8BB26E65-F40A-43F9-96EA-C4954AD8389D}.Release|Any CPU.Build.0 = Release|Any CPU
	EndGlobalSection
	GlobalSection(SolutionProperties) = preSolution
		HideSolutionNode = FALSE
	EndGlobalSection
EndGlobal
