
Microsoft Visual Studio Solution File, Format Version 12.00
# Visual Studio 14
VisualStudioVersion = 14.0.25123.0
MinimumVisualStudioVersion = 10.0.40219.1
Project("{FAE04EC0-301F-11D3-BF4B-00C04F79EFBC}") = "1_SchoolClasses", "1_SchoolClasses\1_SchoolClasses.csproj", "{8DFC9AFB-AC54-439D-85A6-B36DED5DAC89}"
EndProject
Project("{FAE04EC0-301F-11D3-BF4B-00C04F79EFBC}") = "2_StudentsAndWorkers", "2_StudentsAndWorkers\2_StudentsAndWorkers.csproj", "{C93C0069-5415-461B-B6BF-3D5071E6B02B}"
EndProject
Project("{FAE04EC0-301F-11D3-BF4B-00C04F79EFBC}") = "3_AnimalHierarchy", "3_AnimalHierarchy\3_AnimalHierarchy.csproj", "{F8D9F855-77AA-4C83-BCDD-9573ECB4FA71}"
EndProject
Global
	GlobalSection(SolutionConfigurationPlatforms) = preSolution
		Debug|Any CPU = Debug|Any CPU
		Release|Any CPU = Release|Any CPU
	EndGlobalSection
	GlobalSection(ProjectConfigurationPlatforms) = postSolution
		{8DFC9AFB-AC54-439D-85A6-B36DED5DAC89}.Debug|Any CPU.ActiveCfg = Debug|Any CPU
		{8DFC9AFB-AC54-439D-85A6-B36DED5DAC89}.Debug|Any CPU.Build.0 = Debug|Any CPU
		{8DFC9AFB-AC54-439D-85A6-B36DED5DAC89}.Release|Any CPU.ActiveCfg = Release|Any CPU
		{8DFC9AFB-AC54-439D-85A6-B36DED5DAC89}.Release|Any CPU.Build.0 = Release|Any CPU
		{C93C0069-5415-461B-B6BF-3D5071E6B02B}.Debug|Any CPU.ActiveCfg = Debug|Any CPU
		{C93C0069-5415-461B-B6BF-3D5071E6B02B}.Debug|Any CPU.Build.0 = Debug|Any CPU
		{C93C0069-5415-461B-B6BF-3D5071E6B02B}.Release|Any CPU.ActiveCfg = Release|Any CPU
		{C93C0069-5415-461B-B6BF-3D5071E6B02B}.Release|Any CPU.Build.0 = Release|Any CPU
		{F8D9F855-77AA-4C83-BCDD-9573ECB4FA71}.Debug|Any CPU.ActiveCfg = Debug|Any CPU
		{F8D9F855-77AA-4C83-BCDD-9573ECB4FA71}.Debug|Any CPU.Build.0 = Debug|Any CPU
		{F8D9F855-77AA-4C83-BCDD-9573ECB4FA71}.Release|Any CPU.ActiveCfg = Release|Any CPU
		{F8D9F855-77AA-4C83-BCDD-9573ECB4FA71}.Release|Any CPU.Build.0 = Release|Any CPU
	EndGlobalSection
	GlobalSection(SolutionProperties) = preSolution
		HideSolutionNode = FALSE
	EndGlobalSection
EndGlobal
